
Microsoft Visual Studio Solution File, Format Version 12.00
# Visual Studio Version 17
VisualStudioVersion = 17.2.32516.85
MinimumVisualStudioVersion = 10.0.40219.1
Project("{FAE04EC0-301F-11D3-BF4B-00C04F79EFBC}") = "Recursive Digit Sum", "Recursive Digit Sum\Recursive Digit Sum.csproj", "{D23A2BFA-EE2C-425F-AE9B-2D9FF14A45FF}"
EndProject
Global
	GlobalSection(SolutionConfigurationPlatforms) = preSolution
		Debug|Any CPU = Debug|Any CPU
		Release|Any CPU = Release|Any CPU
	EndGlobalSection
	GlobalSection(ProjectConfigurationPlatforms) = postSolution
		{D23A2BFA-EE2C-425F-AE9B-2D9FF14A45FF}.Debug|Any CPU.ActiveCfg = Debug|Any CPU
		{D23A2BFA-EE2C-425F-AE9B-2D9FF14A45FF}.Debug|Any CPU.Build.0 = Debug|Any CPU
		{D23A2BFA-EE2C-425F-AE9B-2D9FF14A45FF}.Release|Any CPU.ActiveCfg = Release|Any CPU
		{D23A2BFA-EE2C-425F-AE9B-2D9FF14A45FF}.Release|Any CPU.Build.0 = Release|Any CPU
	EndGlobalSection
	GlobalSection(SolutionProperties) = preSolution
		HideSolutionNode = FALSE
	EndGlobalSection
	GlobalSection(ExtensibilityGlobals) = postSolution
		SolutionGuid = {7E3F00E0-2A52-4481-80C3-F2C4D25DFC78}
	EndGlobalSection
EndGlobal
