
Microsoft Visual Studio Solution File, Format Version 12.00
# Visual Studio Version 17
VisualStudioVersion = 17.2.32516.85
MinimumVisualStudioVersion = 10.0.40219.1
Project("{FAE04EC0-301F-11D3-BF4B-00C04F79EFBC}") = "Counting Sort 1", "Counting Sort 1\Counting Sort 1.csproj", "{88A468BF-FA3C-4158-92E1-6C7DB297DBF7}"
EndProject
Global
	GlobalSection(SolutionConfigurationPlatforms) = preSolution
		Debug|Any CPU = Debug|Any CPU
		Release|Any CPU = Release|Any CPU
	EndGlobalSection
	GlobalSection(ProjectConfigurationPlatforms) = postSolution
		{88A468BF-FA3C-4158-92E1-6C7DB297DBF7}.Debug|Any CPU.ActiveCfg = Debug|Any CPU
		{88A468BF-FA3C-4158-92E1-6C7DB297DBF7}.Debug|Any CPU.Build.0 = Debug|Any CPU
		{88A468BF-FA3C-4158-92E1-6C7DB297DBF7}.Release|Any CPU.ActiveCfg = Release|Any CPU
		{88A468BF-FA3C-4158-92E1-6C7DB297DBF7}.Release|Any CPU.Build.0 = Release|Any CPU
	EndGlobalSection
	GlobalSection(SolutionProperties) = preSolution
		HideSolutionNode = FALSE
	EndGlobalSection
	GlobalSection(ExtensibilityGlobals) = postSolution
		SolutionGuid = {53F40335-0463-4D2B-8F88-36DDDA6720F6}
	EndGlobalSection
EndGlobal
