
Microsoft Visual Studio Solution File, Format Version 12.00
# Visual Studio Version 17
VisualStudioVersion = 17.2.32516.85
MinimumVisualStudioVersion = 10.0.40219.1
Project("{FAE04EC0-301F-11D3-BF4B-00C04F79EFBC}") = "Diagonal Difference", "Diagonal Difference\Diagonal Difference.csproj", "{350331EC-48FA-4253-9195-1C618FF46DF2}"
EndProject
Global
	GlobalSection(SolutionConfigurationPlatforms) = preSolution
		Debug|Any CPU = Debug|Any CPU
		Release|Any CPU = Release|Any CPU
	EndGlobalSection
	GlobalSection(ProjectConfigurationPlatforms) = postSolution
		{350331EC-48FA-4253-9195-1C618FF46DF2}.Debug|Any CPU.ActiveCfg = Debug|Any CPU
		{350331EC-48FA-4253-9195-1C618FF46DF2}.Debug|Any CPU.Build.0 = Debug|Any CPU
		{350331EC-48FA-4253-9195-1C618FF46DF2}.Release|Any CPU.ActiveCfg = Release|Any CPU
		{350331EC-48FA-4253-9195-1C618FF46DF2}.Release|Any CPU.Build.0 = Release|Any CPU
	EndGlobalSection
	GlobalSection(SolutionProperties) = preSolution
		HideSolutionNode = FALSE
	EndGlobalSection
	GlobalSection(ExtensibilityGlobals) = postSolution
		SolutionGuid = {2919FB7E-A75B-4C6C-A710-B9B06B77DE8D}
	EndGlobalSection
EndGlobal
